// !$*UTF8*$!
{
	archiveVersion = 1;
	classes = {
	};
	objectVersion = 46;
	objects = {

/* Begin PBXBuildFile section */
		17338AC51AC540C300AA3C3C /* AppKit.framework in Frameworks */ = {isa = PBXBuildFile; fileRef = 17338AC41AC540C300AA3C3C /* AppKit.framework */; };
		17338AC71AC540C300AA3C3C /* Foundation.framework in Frameworks */ = {isa = PBXBuildFile; fileRef = 17338AC61AC540C300AA3C3C /* Foundation.framework */; };
		17338ACC1AC540C300AA3C3C /* J2M.xcscheme in Resources */ = {isa = PBXBuildFile; fileRef = 17338ACB1AC540C300AA3C3C /* J2M.xcscheme */; };
		17338ACF1AC540C300AA3C3C /* J2M.m in Sources */ = {isa = PBXBuildFile; fileRef = 17338ACE1AC540C300AA3C3C /* J2M.m */; };
		17338ADB1AC540ED00AA3C3C /* MainViewController.m in Sources */ = {isa = PBXBuildFile; fileRef = 17338AD71AC540ED00AA3C3C /* MainViewController.m */; };
		17A6F8AA1ACBC7C400930E42 /* ChangeViewController.m in Sources */ = {isa = PBXBuildFile; fileRef = 17A6F8A91ACBC7C400930E42 /* ChangeViewController.m */; };
		17A6F8AE1ACBCA4500930E42 /* ChangeCell.m in Sources */ = {isa = PBXBuildFile; fileRef = 17A6F8AD1ACBCA4500930E42 /* ChangeCell.m */; };
		17EA0AB41AC54BB600C9609A /* MainWindowController.storyboard in Resources */ = {isa = PBXBuildFile; fileRef = 17EA0AB31AC54BB600C9609A /* MainWindowController.storyboard */; };
/* End PBXBuildFile section */

/* Begin PBXFileReference section */
		17338AC11AC540C300AA3C3C /* J2M.xcplugin */ = {isa = PBXFileReference; explicitFileType = wrapper.cfbundle; includeInIndex = 0; path = J2M.xcplugin; sourceTree = BUILT_PRODUCTS_DIR; };
		17338AC41AC540C300AA3C3C /* AppKit.framework */ = {isa = PBXFileReference; lastKnownFileType = wrapper.framework; name = AppKit.framework; path = /System/Library/Frameworks/AppKit.framework; sourceTree = "<absolute>"; };
		17338AC61AC540C300AA3C3C /* Foundation.framework */ = {isa = PBXFileReference; lastKnownFileType = wrapper.framework; name = Foundation.framework; path = /System/Library/Frameworks/Foundation.framework; sourceTree = "<absolute>"; };
		17338ACA1AC540C300AA3C3C /* Info.plist */ = {isa = PBXFileReference; lastKnownFileType = text.plist.xml; path = Info.plist; sourceTree = "<group>"; };
		17338ACB1AC540C300AA3C3C /* J2M.xcscheme */ = {isa = PBXFileReference; lastKnownFileType = text.xml; name = J2M.xcscheme; path = J2M.xcodeproj/xcshareddata/xcschemes/J2M.xcscheme; sourceTree = SOURCE_ROOT; };
		17338ACD1AC540C300AA3C3C /* J2M.h */ = {isa = PBXFileReference; lastKnownFileType = sourcecode.c.h; path = J2M.h; sourceTree = "<group>"; };
		17338ACE1AC540C300AA3C3C /* J2M.m */ = {isa = PBXFileReference; lastKnownFileType = sourcecode.c.objc; path = J2M.m; sourceTree = "<group>"; };
		17338AD61AC540ED00AA3C3C /* MainViewController.h */ = {isa = PBXFileReference; fileEncoding = 4; lastKnownFileType = sourcecode.c.h; path = MainViewController.h; sourceTree = "<group>"; };
		17338AD71AC540ED00AA3C3C /* MainViewController.m */ = {isa = PBXFileReference; fileEncoding = 4; lastKnownFileType = sourcecode.c.objc; path = MainViewController.m; sourceTree = "<group>"; };
		17A6F8A81ACBC7C400930E42 /* ChangeViewController.h */ = {isa = PBXFileReference; fileEncoding = 4; lastKnownFileType = sourcecode.c.h; path = ChangeViewController.h; sourceTree = "<group>"; };
		17A6F8A91ACBC7C400930E42 /* ChangeViewController.m */ = {isa = PBXFileReference; fileEncoding = 4; lastKnownFileType = sourcecode.c.objc; path = ChangeViewController.m; sourceTree = "<group>"; };
		17A6F8AC1ACBCA4500930E42 /* ChangeCell.h */ = {isa = PBXFileReference; fileEncoding = 4; lastKnownFileType = sourcecode.c.h; path = ChangeCell.h; sourceTree = "<group>"; };
		17A6F8AD1ACBCA4500930E42 /* ChangeCell.m */ = {isa = PBXFileReference; fileEncoding = 4; lastKnownFileType = sourcecode.c.objc; path = ChangeCell.m; sourceTree = "<group>"; };
		17EA0AB31AC54BB600C9609A /* MainWindowController.storyboard */ = {isa = PBXFileReference; fileEncoding = 4; lastKnownFileType = file.storyboard; path = MainWindowController.storyboard; sourceTree = "<group>"; };
/* End PBXFileReference section */

/* Begin PBXFrameworksBuildPhase section */
		17338ABF1AC540C300AA3C3C /* Frameworks */ = {
			isa = PBXFrameworksBuildPhase;
			buildActionMask = 2147483647;
			files = (
				17338AC51AC540C300AA3C3C /* AppKit.framework in Frameworks */,
				17338AC71AC540C300AA3C3C /* Foundation.framework in Frameworks */,
			);
			runOnlyForDeploymentPostprocessing = 0;
		};
/* End PBXFrameworksBuildPhase section */

/* Begin PBXGroup section */
		17338AB81AC540C300AA3C3C = {
			isa = PBXGroup;
			children = (
				17338AC81AC540C300AA3C3C /* J2M */,
				17338AC31AC540C300AA3C3C /* Frameworks */,
				17338AC21AC540C300AA3C3C /* Products */,
			);
			sourceTree = "<group>";
		};
		17338AC21AC540C300AA3C3C /* Products */ = {
			isa = PBXGroup;
			children = (
				17338AC11AC540C300AA3C3C /* J2M.xcplugin */,
			);
			name = Products;
			sourceTree = "<group>";
		};
		17338AC31AC540C300AA3C3C /* Frameworks */ = {
			isa = PBXGroup;
			children = (
				17338AC41AC540C300AA3C3C /* AppKit.framework */,
				17338AC61AC540C300AA3C3C /* Foundation.framework */,
			);
			name = Frameworks;
			sourceTree = "<group>";
		};
		17338AC81AC540C300AA3C3C /* J2M */ = {
			isa = PBXGroup;
			children = (
				17338AD61AC540ED00AA3C3C /* MainViewController.h */,
				17338AD71AC540ED00AA3C3C /* MainViewController.m */,
				17338ACD1AC540C300AA3C3C /* J2M.h */,
				17338ACE1AC540C300AA3C3C /* J2M.m */,
				17338AC91AC540C300AA3C3C /* Supporting Files */,
				17EA0AB31AC54BB600C9609A /* MainWindowController.storyboard */,
				17A6F8A81ACBC7C400930E42 /* ChangeViewController.h */,
				17A6F8A91ACBC7C400930E42 /* ChangeViewController.m */,
				17A6F8AC1ACBCA4500930E42 /* ChangeCell.h */,
				17A6F8AD1ACBCA4500930E42 /* ChangeCell.m */,
			);
			path = J2M;
			sourceTree = "<group>";
		};
		17338AC91AC540C300AA3C3C /* Supporting Files */ = {
			isa = PBXGroup;
			children = (
				17338ACA1AC540C300AA3C3C /* Info.plist */,
				17338ACB1AC540C300AA3C3C /* J2M.xcscheme */,
			);
			name = "Supporting Files";
			sourceTree = "<group>";
		};
/* End PBXGroup section */

/* Begin PBXNativeTarget section */
		17338AC01AC540C300AA3C3C /* J2M */ = {
			isa = PBXNativeTarget;
			buildConfigurationList = 17338AD21AC540C300AA3C3C /* Build configuration list for PBXNativeTarget "J2M" */;
			buildPhases = (
				17338ABD1AC540C300AA3C3C /* Sources */,
				17338ABE1AC540C300AA3C3C /* Resources */,
				17338ABF1AC540C300AA3C3C /* Frameworks */,
			);
			buildRules = (
			);
			dependencies = (
			);
			name = J2M;
			productName = J2M;
			productReference = 17338AC11AC540C300AA3C3C /* J2M.xcplugin */;
			productType = "com.apple.product-type.bundle";
		};
/* End PBXNativeTarget section */

/* Begin PBXProject section */
		17338AB91AC540C300AA3C3C /* Project object */ = {
			isa = PBXProject;
			attributes = {
				LastUpgradeCheck = 0620;
				ORGANIZATIONNAME = rainbow;
				TargetAttributes = {
					17338AC01AC540C300AA3C3C = {
						CreatedOnToolsVersion = 6.2;
					};
				};
			};
			buildConfigurationList = 17338ABC1AC540C300AA3C3C /* Build configuration list for PBXProject "J2M" */;
			compatibilityVersion = "Xcode 3.2";
			developmentRegion = English;
			hasScannedForEncodings = 0;
			knownRegions = (
				en,
			);
			mainGroup = 17338AB81AC540C300AA3C3C;
			productRefGroup = 17338AC21AC540C300AA3C3C /* Products */;
			projectDirPath = "";
			projectRoot = "";
			targets = (
				17338AC01AC540C300AA3C3C /* J2M */,
			);
		};
/* End PBXProject section */

/* Begin PBXResourcesBuildPhase section */
		17338ABE1AC540C300AA3C3C /* Resources */ = {
			isa = PBXResourcesBuildPhase;
			buildActionMask = 2147483647;
			files = (
				17338ACC1AC540C300AA3C3C /* J2M.xcscheme in Resources */,
				17EA0AB41AC54BB600C9609A /* MainWindowController.storyboard in Resources */,
			);
			runOnlyForDeploymentPostprocessing = 0;
		};
/* End PBXResourcesBuildPhase section */

/* Begin PBXSourcesBuildPhase section */
		17338ABD1AC540C300AA3C3C /* Sources */ = {
			isa = PBXSourcesBuildPhase;
			buildActionMask = 2147483647;
			files = (
				17338ACF1AC540C300AA3C3C /* J2M.m in Sources */,
				17A6F8AE1ACBCA4500930E42 /* ChangeCell.m in Sources */,
				17338ADB1AC540ED00AA3C3C /* MainViewController.m in Sources */,
				17A6F8AA1ACBC7C400930E42 /* ChangeViewController.m in Sources */,
			);
			runOnlyForDeploymentPostprocessing = 0;
		};
/* End PBXSourcesBuildPhase section */

/* Begin XCBuildConfiguration section */
		17338AD01AC540C300AA3C3C /* Debug */ = {
			isa = XCBuildConfiguration;
			buildSettings = {
				ALWAYS_SEARCH_USER_PATHS = NO;
				CLANG_CXX_LANGUAGE_STANDARD = "gnu++0x";
				CLANG_CXX_LIBRARY = "libc++";
				CLANG_ENABLE_MODULES = YES;
				CLANG_ENABLE_OBJC_ARC = YES;
				CLANG_WARN_BOOL_CONVERSION = YES;
				CLANG_WARN_CONSTANT_CONVERSION = YES;
				CLANG_WARN_DIRECT_OBJC_ISA_USAGE = YES_ERROR;
				CLANG_WARN_EMPTY_BODY = YES;
				CLANG_WARN_ENUM_CONVERSION = YES;
				CLANG_WARN_INT_CONVERSION = YES;
				CLANG_WARN_OBJC_ROOT_CLASS = YES_ERROR;
				CLANG_WARN_UNREACHABLE_CODE = YES;
				CLANG_WARN__DUPLICATE_METHOD_MATCH = YES;
				COPY_PHASE_STRIP = NO;
				ENABLE_STRICT_OBJC_MSGSEND = YES;
				GCC_C_LANGUAGE_STANDARD = gnu99;
				GCC_DYNAMIC_NO_PIC = NO;
				GCC_OPTIMIZATION_LEVEL = 0;
				GCC_PREPROCESSOR_DEFINITIONS = (
					"DEBUG=1",
					"$(inherited)",
				);
				GCC_SYMBOLS_PRIVATE_EXTERN = NO;
				GCC_WARN_64_TO_32_BIT_CONVERSION = YES;
				GCC_WARN_ABOUT_RETURN_TYPE = YES_ERROR;
				GCC_WARN_UNDECLARED_SELECTOR = YES;
				GCC_WARN_UNINITIALIZED_AUTOS = YES_AGGRESSIVE;
				GCC_WARN_UNUSED_FUNCTION = YES;
				GCC_WARN_UNUSED_VARIABLE = YES;
				MTL_ENABLE_DEBUG_INFO = YES;
				ONLY_ACTIVE_ARCH = YES;
			};
			name = Debug;
		};
		17338AD11AC540C300AA3C3C /* Release */ = {
			isa = XCBuildConfiguration;
			buildSettings = {
				ALWAYS_SEARCH_USER_PATHS = NO;
				CLANG_CXX_LANGUAGE_STANDARD = "gnu++0x";
				CLANG_CXX_LIBRARY = "libc++";
				CLANG_ENABLE_MODULES = YES;
				CLANG_ENABLE_OBJC_ARC = YES;
				CLANG_WARN_BOOL_CONVERSION = YES;
				CLANG_WARN_CONSTANT_CONVERSION = YES;
				CLANG_WARN_DIRECT_OBJC_ISA_USAGE = YES_ERROR;
				CLANG_WARN_EMPTY_BODY = YES;
				CLANG_WARN_ENUM_CONVERSION = YES;
				CLANG_WARN_INT_CONVERSION = YES;
				CLANG_WARN_OBJC_ROOT_CLASS = YES_ERROR;
				CLANG_WARN_UNREACHABLE_CODE = YES;
				CLANG_WARN__DUPLICATE_METHOD_MATCH = YES;
				COPY_PHASE_STRIP = NO;
				ENABLE_NS_ASSERTIONS = NO;
				ENABLE_STRICT_OBJC_MSGSEND = YES;
				GCC_C_LANGUAGE_STANDARD = gnu99;
				GCC_WARN_64_TO_32_BIT_CONVERSION = YES;
				GCC_WARN_ABOUT_RETURN_TYPE = YES_ERROR;
				GCC_WARN_UNDECLARED_SELECTOR = YES;
				GCC_WARN_UNINITIALIZED_AUTOS = YES_AGGRESSIVE;
				GCC_WARN_UNUSED_FUNCTION = YES;
				GCC_WARN_UNUSED_VARIABLE = YES;
				MTL_ENABLE_DEBUG_INFO = NO;
			};
			name = Release;
		};
		17338AD31AC540C300AA3C3C /* Debug */ = {
			isa = XCBuildConfiguration;
			buildSettings = {
				COMBINE_HIDPI_IMAGES = YES;
				DEPLOYMENT_LOCATION = YES;
				DSTROOT = "$(HOME)";
				INFOPLIST_FILE = J2M/Info.plist;
				INSTALL_PATH = "/Library/Application Support/Developer/Shared/Xcode/Plug-ins";
				MACOSX_DEPLOYMENT_TARGET = 10.10;
				PRODUCT_NAME = "$(TARGET_NAME)";
				SDKROOT = macosx;
				WRAPPER_EXTENSION = xcplugin;
			};
			name = Debug;
		};
		17338AD41AC540C300AA3C3C /* Release */ = {
			isa = XCBuildConfiguration;
			buildSettings = {
				COMBINE_HIDPI_IMAGES = YES;
				DEPLOYMENT_LOCATION = YES;
				DSTROOT = "$(HOME)";
				INFOPLIST_FILE = J2M/Info.plist;
				INSTALL_PATH = "/Library/Application Support/Developer/Shared/Xcode/Plug-ins";
				MACOSX_DEPLOYMENT_TARGET = 10.10;
				PRODUCT_NAME = "$(TARGET_NAME)";
				SDKROOT = macosx;
				WRAPPER_EXTENSION = xcplugin;
			};
			name = Release;
		};
/* End XCBuildConfiguration section */

/* Begin XCConfigurationList section */
		17338ABC1AC540C300AA3C3C /* Build configuration list for PBXProject "J2M" */ = {
			isa = XCConfigurationList;
			buildConfigurations = (
				17338AD01AC540C300AA3C3C /* Debug */,
				17338AD11AC540C300AA3C3C /* Release */,
			);
			defaultConfigurationIsVisible = 0;
			defaultConfigurationName = Release;
		};
		17338AD21AC540C300AA3C3C /* Build configuration list for PBXNativeTarget "J2M" */ = {
			isa = XCConfigurationList;
			buildConfigurations = (
				17338AD31AC540C300AA3C3C /* Debug */,
				17338AD41AC540C300AA3C3C /* Release */,
			);
			defaultConfigurationIsVisible = 0;
			defaultConfigurationName = Release;
		};
/* End XCConfigurationList section */
	};
	rootObject = 17338AB91AC540C300AA3C3C /* Project object */;
}
